
Microsoft Visual Studio Solution File, Format Version 12.00
# Visual Studio 15
VisualStudioVersion = 15.0.28307.1259
MinimumVisualStudioVersion = 10.0.40219.1
Project("{FAE04EC0-301F-11D3-BF4B-00C04F79EFBC}") = "SaleInventory", "SaleInventory\SaleInventory.csproj", "{FE92297F-3408-4531-9483-034C53076CF4}"
EndProject
Global
	GlobalSection(SolutionConfigurationPlatforms) = preSolution
		Debug|Any CPU = Debug|Any CPU
		Release|Any CPU = Release|Any CPU
	EndGlobalSection
	GlobalSection(ProjectConfigurationPlatforms) = postSolution
		{FE92297F-3408-4531-9483-034C53076CF4}.Debug|Any CPU.ActiveCfg = Debug|Any CPU
		{FE92297F-3408-4531-9483-034C53076CF4}.Debug|Any CPU.Build.0 = Debug|Any CPU
		{FE92297F-3408-4531-9483-034C53076CF4}.Release|Any CPU.ActiveCfg = Release|Any CPU
		{FE92297F-3408-4531-9483-034C53076CF4}.Release|Any CPU.Build.0 = Release|Any CPU
	EndGlobalSection
	GlobalSection(SolutionProperties) = preSolution
		HideSolutionNode = FALSE
	EndGlobalSection
	GlobalSection(ExtensibilityGlobals) = postSolution
		SolutionGuid = {56252C41-16EE-4AE9-B0B0-7914DA08689F}
	EndGlobalSection
EndGlobal
